github.com/Arafatk/glot v0.0.0-20180312013246-79d5219000f0 h1:buG0FAUZtOwl9c+RdnQo3cfZhTnY2OY24J3t+jpeb9Y=
github.com/Arafatk/glot v0.0.0-20180312013246-79d5219000f0/go.mod h1:o0O8gFiTfVp4g5QcQJ1iMLw6ROiy9BITaiBbEiwz9h8=
github.com/disintegration/gift v1.2.1 h1:Y005a1X4Z7Uc+0gLpSAsKhWi4qLtsdEcMIbbdvdZ6pc=
github.com/disintegration/gift v1.2.1/go.mod h1:Jh2i7f7Q2BM7Ezno3PhfezbR1xpUg9dUg3/RlKGr4HI=
github.com/oakmound/oak v1.5.1 h1:t6C1/wgnSoSxV1uVUJyrMBouS3DAIWJ59T8jhywwSAM=
github.com/oakmound/oak v2.0.0+incompatible h1:88iLPCK9PO+cVLUJpeZG0s7NmHSilkWzIQOolu3AL3E=
github.com/oakmound/oak v2.0.0+incompatible/go.mod h1:LgESy19NqYObZlqk1GcoZJav1Wwmp+YGj2KvziJmU6A=
